{
  "version": 4,
  "terraform_version": "1.6.5",
  "serial": 3,
  "lineage": "08f8b743-a59a-eada-d365-0a57f4726a3a",
  "outputs": {},
  "resources": [
    {
      "mode": "managed",
      "type": "github_repository",
      "name": "mon_repo",
      "provider": "provider[\"registry.terraform.io/hashicorp/github\"]",
      "instances": [
        {
          "schema_version": 1,
          "attributes": {
            "allow_auto_merge": false,
            "allow_merge_commit": true,
            "allow_rebase_merge": true,
            "allow_squash_merge": true,
            "allow_update_branch": false,
            "archive_on_destroy": null,
            "archived": false,
            "auto_init": null,
            "default_branch": "main",
            "delete_branch_on_merge": false,
            "description": "Créé avec Terraform",
            "etag": "W/\"0c99abac34a662cc71ee7c78ffe58f7e5fbd5def141237b2ab43c1087b7f3089\"",
            "full_name": "Ousstahaa/projet6",
            "git_clone_url": "git://github.com/Ousstahaa/projet6.git",
            "gitignore_template": null,
            "has_discussions": false,
            "has_downloads": false,
            "has_issues": false,
            "has_projects": false,
            "has_wiki": false,
            "homepage_url": "",
            "html_url": "https://github.com/Ousstahaa/projet6",
            "http_clone_url": "https://github.com/Ousstahaa/projet6.git",
            "id": "projet6",
            "ignore_vulnerability_alerts_during_read": null,
            "is_template": false,
            "license_template": null,
            "merge_commit_message": "PR_TITLE",
            "merge_commit_title": "MERGE_MESSAGE",
            "name": "projet6",
            "node_id": "R_kgDOKz70lg",
            "pages": [],
            "primary_language": "",
            "private": false,
            "repo_id": 725546134,
            "security_and_analysis": [
              {
                "advanced_security": [],
                "secret_scanning": [
                  {
                    "status": "disabled"
                  }
                ],
                "secret_scanning_push_protection": [
                  {
                    "status": "disabled"
                  }
                ]
              }
            ],
            "squash_merge_commit_message": "COMMIT_MESSAGES",
            "squash_merge_commit_title": "COMMIT_OR_PR_TITLE",
            "ssh_clone_url": "git@github.com:Ousstahaa/projet6.git",
            "svn_url": "https://github.com/Ousstahaa/projet6",
            "template": [],
            "topics": [],
            "visibility": "public",
            "vulnerability_alerts": false
          },
          "sensitive_attributes": [],
          "private": "eyJzY2hlbWFfdmVyc2lvbiI6IjEifQ=="
        }
      ]
    }
  ],
  "check_results": null
}
